
Microsoft Visual Studio Solution File, Format Version 12.00
# Visual Studio Version 16
VisualStudioVersion = 16.0.30907.101
MinimumVisualStudioVersion = 10.0.40219.1
Project("{FAE04EC0-301F-11D3-BF4B-00C04F79EFBC}") = "n01467577_Assignment1", "n01467577_Assignment1\n01467577_Assignment1.csproj", "{80DBD499-13FC-4D73-9359-B26F49315AE0}"
EndProject
Global
	GlobalSection(SolutionConfigurationPlatforms) = preSolution
		Debug|Any CPU = Debug|Any CPU
		Release|Any CPU = Release|Any CPU
	EndGlobalSection
	GlobalSection(ProjectConfigurationPlatforms) = postSolution
		{80DBD499-13FC-4D73-9359-B26F49315AE0}.Debug|Any CPU.ActiveCfg = Debug|Any CPU
		{80DBD499-13FC-4D73-9359-B26F49315AE0}.Debug|Any CPU.Build.0 = Debug|Any CPU
		{80DBD499-13FC-4D73-9359-B26F49315AE0}.Release|Any CPU.ActiveCfg = Release|Any CPU
		{80DBD499-13FC-4D73-9359-B26F49315AE0}.Release|Any CPU.Build.0 = Release|Any CPU
	EndGlobalSection
	GlobalSection(SolutionProperties) = preSolution
		HideSolutionNode = FALSE
	EndGlobalSection
	GlobalSection(ExtensibilityGlobals) = postSolution
		SolutionGuid = {6915D025-E83E-4F2F-B1F9-E1C5A9C3FD3C}
	EndGlobalSection
EndGlobal
